
Microsoft Visual Studio Solution File, Format Version 12.00
# Visual Studio Version 17
VisualStudioVersion = 17.14.36127.28 d17.14
MinimumVisualStudioVersion = 10.0.40219.1
Project("{FAE04EC0-301F-11D3-BF4B-00C04F79EFBC}") = "BusinessObjects", "BusinessObjects\BusinessObjects.csproj", "{987A4B76-824B-4BAF-A457-8B983386A696}"
EndProject
Project("{FAE04EC0-301F-11D3-BF4B-00C04F79EFBC}") = "DataAccessLayer", "DataAccessLayer\DataAccessLayer.csproj", "{B3ACD5D0-8EC3-4611-A2DF-91A5FFDAFE0C}"
EndProject
Project("{FAE04EC0-301F-11D3-BF4B-00C04F79EFBC}") = "Repositories", "Repositories\Repositories.csproj", "{D05A4A91-69BA-433F-A7FF-98E2417EE434}"
EndProject
Project("{FAE04EC0-301F-11D3-BF4B-00C04F79EFBC}") = "Services", "Services\Services.csproj", "{505058AE-EC60-47A4-9FE4-EBCE33BB01C8}"
EndProject
Project("{FAE04EC0-301F-11D3-BF4B-00C04F79EFBC}") = "ProductManagement", "ProductManagement\ProductManagement.csproj", "{A3AC72DC-B823-4550-ABB6-44B0469CE4DD}"
EndProject
Global
	GlobalSection(SolutionConfigurationPlatforms) = preSolution
		Debug|Any CPU = Debug|Any CPU
		Release|Any CPU = Release|Any CPU
	EndGlobalSection
	GlobalSection(ProjectConfigurationPlatforms) = postSolution
		{987A4B76-824B-4BAF-A457-8B983386A696}.Debug|Any CPU.ActiveCfg = Debug|Any CPU
		{987A4B76-824B-4BAF-A457-8B983386A696}.Debug|Any CPU.Build.0 = Debug|Any CPU
		{987A4B76-824B-4BAF-A457-8B983386A696}.Release|Any CPU.ActiveCfg = Release|Any CPU
		{987A4B76-824B-4BAF-A457-8B983386A696}.Release|Any CPU.Build.0 = Release|Any CPU
		{B3ACD5D0-8EC3-4611-A2DF-91A5FFDAFE0C}.Debug|Any CPU.ActiveCfg = Debug|Any CPU
		{B3ACD5D0-8EC3-4611-A2DF-91A5FFDAFE0C}.Debug|Any CPU.Build.0 = Debug|Any CPU
		{B3ACD5D0-8EC3-4611-A2DF-91A5FFDAFE0C}.Release|Any CPU.ActiveCfg = Release|Any CPU
		{B3ACD5D0-8EC3-4611-A2DF-91A5FFDAFE0C}.Release|Any CPU.Build.0 = Release|Any CPU
		{D05A4A91-69BA-433F-A7FF-98E2417EE434}.Debug|Any CPU.ActiveCfg = Debug|Any CPU
		{D05A4A91-69BA-433F-A7FF-98E2417EE434}.Debug|Any CPU.Build.0 = Debug|Any CPU
		{D05A4A91-69BA-433F-A7FF-98E2417EE434}.Release|Any CPU.ActiveCfg = Release|Any CPU
		{D05A4A91-69BA-433F-A7FF-98E2417EE434}.Release|Any CPU.Build.0 = Release|Any CPU
		{505058AE-EC60-47A4-9FE4-EBCE33BB01C8}.Debug|Any CPU.ActiveCfg = Debug|Any CPU
		{505058AE-EC60-47A4-9FE4-EBCE33BB01C8}.Debug|Any CPU.Build.0 = Debug|Any CPU
		{505058AE-EC60-47A4-9FE4-EBCE33BB01C8}.Release|Any CPU.ActiveCfg = Release|Any CPU
		{505058AE-EC60-47A4-9FE4-EBCE33BB01C8}.Release|Any CPU.Build.0 = Release|Any CPU
		{A3AC72DC-B823-4550-ABB6-44B0469CE4DD}.Debug|Any CPU.ActiveCfg = Debug|Any CPU
		{A3AC72DC-B823-4550-ABB6-44B0469CE4DD}.Debug|Any CPU.Build.0 = Debug|Any CPU
		{A3AC72DC-B823-4550-ABB6-44B0469CE4DD}.Release|Any CPU.ActiveCfg = Release|Any CPU
		{A3AC72DC-B823-4550-ABB6-44B0469CE4DD}.Release|Any CPU.Build.0 = Release|Any CPU
	EndGlobalSection
	GlobalSection(SolutionProperties) = preSolution
		HideSolutionNode = FALSE
	EndGlobalSection
	GlobalSection(ExtensibilityGlobals) = postSolution
		SolutionGuid = {C3DA7DCF-D416-4341-821D-B0CD1F0D8D9D}
	EndGlobalSection
EndGlobal
