
Microsoft Visual Studio Solution File, Format Version 12.00
# Visual Studio Version 17
VisualStudioVersion = 17.13.35931.197 d17.13
MinimumVisualStudioVersion = 10.0.40219.1
Project("{FAE04EC0-301F-11D3-BF4B-00C04F79EFBC}") = "UserService.cs", "UserService.cs\UserService.cs.csproj", "{941AB27F-9E40-4EDC-926A-D69569B4FADD}"
EndProject
Global
	GlobalSection(SolutionConfigurationPlatforms) = preSolution
		Debug|Any CPU = Debug|Any CPU
		Release|Any CPU = Release|Any CPU
	EndGlobalSection
	GlobalSection(ProjectConfigurationPlatforms) = postSolution
		{941AB27F-9E40-4EDC-926A-D69569B4FADD}.Debug|Any CPU.ActiveCfg = Debug|Any CPU
		{941AB27F-9E40-4EDC-926A-D69569B4FADD}.Debug|Any CPU.Build.0 = Debug|Any CPU
		{941AB27F-9E40-4EDC-926A-D69569B4FADD}.Release|Any CPU.ActiveCfg = Release|Any CPU
		{941AB27F-9E40-4EDC-926A-D69569B4FADD}.Release|Any CPU.Build.0 = Release|Any CPU
	EndGlobalSection
	GlobalSection(SolutionProperties) = preSolution
		HideSolutionNode = FALSE
	EndGlobalSection
	GlobalSection(ExtensibilityGlobals) = postSolution
		SolutionGuid = {40490937-641C-412F-94DE-C0E859CD4020}
	EndGlobalSection
EndGlobal
